// !$*UTF8*$!
{
	archiveVersion = 1;
	classes = {
	};
	objectVersion = 46;
	objects = {

/* Begin PBXBuildFile section */
		2808929A1D658F2800BD9E56 /* AppDelegate.m in Sources */ = {isa = PBXBuildFile; fileRef = 280892991D658F2800BD9E56 /* AppDelegate.m */; };
		2808929D1D658F2800BD9E56 /* main.m in Sources */ = {isa = PBXBuildFile; fileRef = 2808929C1D658F2800BD9E56 /* main.m */; };
		2808929F1D658F2800BD9E56 /* Assets.xcassets in Resources */ = {isa = PBXBuildFile; fileRef = 2808929E1D658F2800BD9E56 /* Assets.xcassets */; };
		280892A21D658F2800BD9E56 /* MainMenu.xib in Resources */ = {isa = PBXBuildFile; fileRef = 280892A01D658F2800BD9E56 /* MainMenu.xib */; };
/* End PBXBuildFile section */

/* Begin PBXFileReference section */
		280892951D658F2800BD9E56 /* osxTestApp.app */ = {isa = PBXFileReference; explicitFileType = wrapper.application; includeInIndex = 0; path = osxTestApp.app; sourceTree = BUILT_PRODUCTS_DIR; };
		280892981D658F2800BD9E56 /* AppDelegate.h */ = {isa = PBXFileReference; lastKnownFileType = sourcecode.c.h; path = AppDelegate.h; sourceTree = "<group>"; };
		280892991D658F2800BD9E56 /* AppDelegate.m */ = {isa = PBXFileReference; lastKnownFileType = sourcecode.c.objc; path = AppDelegate.m; sourceTree = "<group>"; };
		2808929C1D658F2800BD9E56 /* main.m */ = {isa = PBXFileReference; lastKnownFileType = sourcecode.c.objc; path = main.m; sourceTree = "<group>"; };
		2808929E1D658F2800BD9E56 /* Assets.xcassets */ = {isa = PBXFileReference; lastKnownFileType = folder.assetcatalog; path = Assets.xcassets; sourceTree = "<group>"; };
		280892A11D658F2800BD9E56 /* Base */ = {isa = PBXFileReference; lastKnownFileType = file.xib; name = Base; path = Base.lproj/MainMenu.xib; sourceTree = "<group>"; };
		280892A31D658F2800BD9E56 /* Info.plist */ = {isa = PBXFileReference; lastKnownFileType = text.plist.xml; path = Info.plist; sourceTree = "<group>"; };
/* End PBXFileReference section */

/* Begin PBXFrameworksBuildPhase section */
		280892921D658F2800BD9E56 /* Frameworks */ = {
			isa = PBXFrameworksBuildPhase;
			buildActionMask = 2147483647;
			files = (
			);
			runOnlyForDeploymentPostprocessing = 0;
		};
/* End PBXFrameworksBuildPhase section */

/* Begin PBXGroup section */
		2808928C1D658F2800BD9E56 = {
			isa = PBXGroup;
			children = (
				280892971D658F2800BD9E56 /* osxTestApp */,
				280892961D658F2800BD9E56 /* Products */,
			);
			sourceTree = "<group>";
		};
		280892961D658F2800BD9E56 /* Products */ = {
			isa = PBXGroup;
			children = (
				280892951D658F2800BD9E56 /* osxTestApp.app */,
			);
			name = Products;
			sourceTree = "<group>";
		};
		280892971D658F2800BD9E56 /* osxTestApp */ = {
			isa = PBXGroup;
			children = (
				280892981D658F2800BD9E56 /* AppDelegate.h */,
				280892991D658F2800BD9E56 /* AppDelegate.m */,
				2808929E1D658F2800BD9E56 /* Assets.xcassets */,
				280892A01D658F2800BD9E56 /* MainMenu.xib */,
				280892A31D658F2800BD9E56 /* Info.plist */,
				2808929B1D658F2800BD9E56 /* Supporting Files */,
			);
			path = osxTestApp;
			sourceTree = "<group>";
		};
		2808929B1D658F2800BD9E56 /* Supporting Files */ = {
			isa = PBXGroup;
			children = (
				2808929C1D658F2800BD9E56 /* main.m */,
			);
			name = "Supporting Files";
			sourceTree = "<group>";
		};
/* End PBXGroup section */

/* Begin PBXNativeTarget section */
		280892941D658F2800BD9E56 /* osxTestApp */ = {
			isa = PBXNativeTarget;
			buildConfigurationList = 280892A61D658F2800BD9E56 /* Build configuration list for PBXNativeTarget "osxTestApp" */;
			buildPhases = (
				280892911D658F2800BD9E56 /* Sources */,
				280892921D658F2800BD9E56 /* Frameworks */,
				280892931D658F2800BD9E56 /* Resources */,
			);
			buildRules = (
			);
			dependencies = (
			);
			name = osxTestApp;
			productName = osxTestApp;
			productReference = 280892951D658F2800BD9E56 /* osxTestApp.app */;
			productType = "com.apple.product-type.application";
		};
/* End PBXNativeTarget section */

/* Begin PBXProject section */
		2808928D1D658F2800BD9E56 /* Project object */ = {
			isa = PBXProject;
			attributes = {
				LastUpgradeCheck = 0730;
				ORGANIZATIONNAME = SJPlap;
				TargetAttributes = {
					280892941D658F2800BD9E56 = {
						CreatedOnToolsVersion = 7.3.1;
					};
				};
			};
			buildConfigurationList = 280892901D658F2800BD9E56 /* Build configuration list for PBXProject "osxTestApp" */;
			compatibilityVersion = "Xcode 3.2";
			developmentRegion = English;
			hasScannedForEncodings = 0;
			knownRegions = (
				en,
				Base,
			);
			mainGroup = 2808928C1D658F2800BD9E56;
			productRefGroup = 280892961D658F2800BD9E56 /* Products */;
			projectDirPath = "";
			projectRoot = "";
			targets = (
				280892941D658F2800BD9E56 /* osxTestApp */,
			);
		};
/* End PBXProject section */

/* Begin PBXResourcesBuildPhase section */
		280892931D658F2800BD9E56 /* Resources */ = {
			isa = PBXResourcesBuildPhase;
			buildActionMask = 2147483647;
			files = (
				2808929F1D658F2800BD9E56 /* Assets.xcassets in Resources */,
				280892A21D658F2800BD9E56 /* MainMenu.xib in Resources */,
			);
			runOnlyForDeploymentPostprocessing = 0;
		};
/* End PBXResourcesBuildPhase section */

/* Begin PBXSourcesBuildPhase section */
		280892911D658F2800BD9E56 /* Sources */ = {
			isa = PBXSourcesBuildPhase;
			buildActionMask = 2147483647;
			files = (
				2808929D1D658F2800BD9E56 /* main.m in Sources */,
				2808929A1D658F2800BD9E56 /* AppDelegate.m in Sources */,
			);
			runOnlyForDeploymentPostprocessing = 0;
		};
/* End PBXSourcesBuildPhase section */

/* Begin PBXVariantGroup section */
		280892A01D658F2800BD9E56 /* MainMenu.xib */ = {
			isa = PBXVariantGroup;
			children = (
				280892A11D658F2800BD9E56 /* Base */,
			);
			name = MainMenu.xib;
			sourceTree = "<group>";
		};
/* End PBXVariantGroup section */

/* Begin XCBuildConfiguration section */
		280892A41D658F2800BD9E56 /* Debug */ = {
			isa = XCBuildConfiguration;
			buildSettings = {
				ALWAYS_SEARCH_USER_PATHS = NO;
				CLANG_ANALYZER_NONNULL = YES;
				CLANG_CXX_LANGUAGE_STANDARD = "gnu++0x";
				CLANG_CXX_LIBRARY = "libc++";
				CLANG_ENABLE_MODULES = YES;
				CLANG_ENABLE_OBJC_ARC = YES;
				CLANG_WARN_BOOL_CONVERSION = YES;
				CLANG_WARN_CONSTANT_CONVERSION = YES;
				CLANG_WARN_DIRECT_OBJC_ISA_USAGE = YES_ERROR;
				CLANG_WARN_EMPTY_BODY = YES;
				CLANG_WARN_ENUM_CONVERSION = YES;
				CLANG_WARN_INT_CONVERSION = YES;
				CLANG_WARN_OBJC_ROOT_CLASS = YES_ERROR;
				CLANG_WARN_UNREACHABLE_CODE = YES;
				CLANG_WARN__DUPLICATE_METHOD_MATCH = YES;
				CODE_SIGN_IDENTITY = "-";
				COPY_PHASE_STRIP = NO;
				DEBUG_INFORMATION_FORMAT = dwarf;
				ENABLE_STRICT_OBJC_MSGSEND = YES;
				ENABLE_TESTABILITY = YES;
				GCC_C_LANGUAGE_STANDARD = gnu99;
				GCC_DYNAMIC_NO_PIC = NO;
				GCC_NO_COMMON_BLOCKS = YES;
				GCC_OPTIMIZATION_LEVEL = 0;
				GCC_PREPROCESSOR_DEFINITIONS = (
					"DEBUG=1",
					"$(inherited)",
				);
				GCC_WARN_64_TO_32_BIT_CONVERSION = YES;
				GCC_WARN_ABOUT_RETURN_TYPE = YES_ERROR;
				GCC_WARN_UNDECLARED_SELECTOR = YES;
				GCC_WARN_UNINITIALIZED_AUTOS = YES_AGGRESSIVE;
				GCC_WARN_UNUSED_FUNCTION = YES;
				GCC_WARN_UNUSED_VARIABLE = YES;
				MACOSX_DEPLOYMENT_TARGET = 10.11;
				MTL_ENABLE_DEBUG_INFO = YES;
				ONLY_ACTIVE_ARCH = YES;
				SDKROOT = macosx;
			};
			name = Debug;
		};
		280892A51D658F2800BD9E56 /* Release */ = {
			isa = XCBuildConfiguration;
			buildSettings = {
				ALWAYS_SEARCH_USER_PATHS = NO;
				CLANG_ANALYZER_NONNULL = YES;
				CLANG_CXX_LANGUAGE_STANDARD = "gnu++0x";
				CLANG_CXX_LIBRARY = "libc++";
				CLANG_ENABLE_MODULES = YES;
				CLANG_ENABLE_OBJC_ARC = YES;
				CLANG_WARN_BOOL_CONVERSION = YES;
				CLANG_WARN_CONSTANT_CONVERSION = YES;
				CLANG_WARN_DIRECT_OBJC_ISA_USAGE = YES_ERROR;
				CLANG_WARN_EMPTY_BODY = YES;
				CLANG_WARN_ENUM_CONVERSION = YES;
				CLANG_WARN_INT_CONVERSION = YES;
				CLANG_WARN_OBJC_ROOT_CLASS = YES_ERROR;
				CLANG_WARN_UNREACHABLE_CODE = YES;
				CLANG_WARN__DUPLICATE_METHOD_MATCH = YES;
				CODE_SIGN_IDENTITY = "-";
				COPY_PHASE_STRIP = NO;
				DEBUG_INFORMATION_FORMAT = "dwarf-with-dsym";
				ENABLE_NS_ASSERTIONS = NO;
				ENABLE_STRICT_OBJC_MSGSEND = YES;
				GCC_C_LANGUAGE_STANDARD = gnu99;
				GCC_NO_COMMON_BLOCKS = YES;
				GCC_WARN_64_TO_32_BIT_CONVERSION = YES;
				GCC_WARN_ABOUT_RETURN_TYPE = YES_ERROR;
				GCC_WARN_UNDECLARED_SELECTOR = YES;
				GCC_WARN_UNINITIALIZED_AUTOS = YES_AGGRESSIVE;
				GCC_WARN_UNUSED_FUNCTION = YES;
				GCC_WARN_UNUSED_VARIABLE = YES;
				MACOSX_DEPLOYMENT_TARGET = 10.11;
				MTL_ENABLE_DEBUG_INFO = NO;
				SDKROOT = macosx;
			};
			name = Release;
		};
		280892A71D658F2800BD9E56 /* Debug */ = {
			isa = XCBuildConfiguration;
			buildSettings = {
				ASSETCATALOG_COMPILER_APPICON_NAME = AppIcon;
				COMBINE_HIDPI_IMAGES = YES;
				INFOPLIST_FILE = osxTestApp/Info.plist;
				LD_RUNPATH_SEARCH_PATHS = "$(inherited) @executable_path/../Frameworks";
				PRODUCT_BUNDLE_IDENTIFIER = com.sjplap.osxTestApp;
				PRODUCT_NAME = "$(TARGET_NAME)";
			};
			name = Debug;
		};
		280892A81D658F2800BD9E56 /* Release */ = {
			isa = XCBuildConfiguration;
			buildSettings = {
				ASSETCATALOG_COMPILER_APPICON_NAME = AppIcon;
				COMBINE_HIDPI_IMAGES = YES;
				INFOPLIST_FILE = osxTestApp/Info.plist;
				LD_RUNPATH_SEARCH_PATHS = "$(inherited) @executable_path/../Frameworks";
				PRODUCT_BUNDLE_IDENTIFIER = com.sjplap.osxTestApp;
				PRODUCT_NAME = "$(TARGET_NAME)";
			};
			name = Release;
		};
/* End XCBuildConfiguration section */

/* Begin XCConfigurationList section */
		280892901D658F2800BD9E56 /* Build configuration list for PBXProject "osxTestApp" */ = {
			isa = XCConfigurationList;
			buildConfigurations = (
				280892A41D658F2800BD9E56 /* Debug */,
				280892A51D658F2800BD9E56 /* Release */,
			);
			defaultConfigurationIsVisible = 0;
			defaultConfigurationName = Release;
		};
		280892A61D658F2800BD9E56 /* Build configuration list for PBXNativeTarget "osxTestApp" */ = {
			isa = XCConfigurationList;
			buildConfigurations = (
				280892A71D658F2800BD9E56 /* Debug */,
				280892A81D658F2800BD9E56 /* Release */,
			);
			defaultConfigurationIsVisible = 0;
		};
/* End XCConfigurationList section */
	};
	rootObject = 2808928D1D658F2800BD9E56 /* Project object */;
}
